
Microsoft Visual Studio Solution File, Format Version 12.00
# Visual Studio Version 17
VisualStudioVersion = 17.5.33530.505
MinimumVisualStudioVersion = 10.0.40219.1
Project("{FAE04EC0-301F-11D3-BF4B-00C04F79EFBC}") = "LINQToSQL", "LINQToSQL\LINQToSQL.csproj", "{005BCECF-F18F-436F-AE16-793CB0DCBB6E}"
EndProject
Global
	GlobalSection(SolutionConfigurationPlatforms) = preSolution
		Debug|Any CPU = Debug|Any CPU
		Release|Any CPU = Release|Any CPU
	EndGlobalSection
	GlobalSection(ProjectConfigurationPlatforms) = postSolution
		{005BCECF-F18F-436F-AE16-793CB0DCBB6E}.Debug|Any CPU.ActiveCfg = Debug|Any CPU
		{005BCECF-F18F-436F-AE16-793CB0DCBB6E}.Debug|Any CPU.Build.0 = Debug|Any CPU
		{005BCECF-F18F-436F-AE16-793CB0DCBB6E}.Release|Any CPU.ActiveCfg = Release|Any CPU
		{005BCECF-F18F-436F-AE16-793CB0DCBB6E}.Release|Any CPU.Build.0 = Release|Any CPU
	EndGlobalSection
	GlobalSection(SolutionProperties) = preSolution
		HideSolutionNode = FALSE
	EndGlobalSection
	GlobalSection(ExtensibilityGlobals) = postSolution
		SolutionGuid = {FA4222E6-3DE8-487D-B1F7-076C60EF30EB}
	EndGlobalSection
EndGlobal
